
Microsoft Visual Studio Solution File, Format Version 12.00
# Visual Studio Version 17
VisualStudioVersion = 17.0.32112.339
MinimumVisualStudioVersion = 10.0.40219.1
Project("{FAE04EC0-301F-11D3-BF4B-00C04F79EFBC}") = "BeMyHealth_WebApi", "BeMyHealth_WebApi\BeMyHealth_WebApi.csproj", "{48E7F460-10C2-46D7-BE19-0A4F3D9EDCCD}"
EndProject
Global
	GlobalSection(SolutionConfigurationPlatforms) = preSolution
		Debug|Any CPU = Debug|Any CPU
		Release|Any CPU = Release|Any CPU
	EndGlobalSection
	GlobalSection(ProjectConfigurationPlatforms) = postSolution
		{48E7F460-10C2-46D7-BE19-0A4F3D9EDCCD}.Debug|Any CPU.ActiveCfg = Debug|Any CPU
		{48E7F460-10C2-46D7-BE19-0A4F3D9EDCCD}.Debug|Any CPU.Build.0 = Debug|Any CPU
		{48E7F460-10C2-46D7-BE19-0A4F3D9EDCCD}.Release|Any CPU.ActiveCfg = Release|Any CPU
		{48E7F460-10C2-46D7-BE19-0A4F3D9EDCCD}.Release|Any CPU.Build.0 = Release|Any CPU
	EndGlobalSection
	GlobalSection(SolutionProperties) = preSolution
		HideSolutionNode = FALSE
	EndGlobalSection
	GlobalSection(ExtensibilityGlobals) = postSolution
		SolutionGuid = {3E783B75-DB76-4777-A0E8-2C6857DDB815}
	EndGlobalSection
EndGlobal
